
Microsoft Visual Studio Solution File, Format Version 12.00
# Visual Studio 14
VisualStudioVersion = 14.0.25420.1
MinimumVisualStudioVersion = 10.0.40219.1
Project("{FAE04EC0-301F-11D3-BF4B-00C04F79EFBC}") = "XamarinCloudVisionApp.Droid", "XamarinCloudVisionApp\XamarinCloudVisionApp.Droid\XamarinCloudVisionApp.Droid.csproj", "{B2DCCBB8-A711-41D9-9CBB-31BE105FD66E}"
EndProject
Project("{FAE04EC0-301F-11D3-BF4B-00C04F79EFBC}") = "XamarinCloudVisionApp", "XamarinCloudVisionApp\XamarinCloudVisionApp\XamarinCloudVisionApp.csproj", "{833F9F9C-6795-4858-8120-9F475B9B1019}"
EndProject
Global
	GlobalSection(SolutionConfigurationPlatforms) = preSolution
		Debug|Any CPU = Debug|Any CPU
		Debug|ARM = Debug|ARM
		Debug|iPhone = Debug|iPhone
		Debug|iPhoneSimulator = Debug|iPhoneSimulator
		Debug|x86 = Debug|x86
		Release|Any CPU = Release|Any CPU
		Release|ARM = Release|ARM
		Release|iPhone = Release|iPhone
		Release|iPhoneSimulator = Release|iPhoneSimulator
		Release|x86 = Release|x86
	EndGlobalSection
	GlobalSection(ProjectConfigurationPlatforms) = postSolution
		{B2DCCBB8-A711-41D9-9CBB-31BE105FD66E}.Debug|Any CPU.ActiveCfg = Debug|Any CPU
		{B2DCCBB8-A711-41D9-9CBB-31BE105FD66E}.Debug|Any CPU.Build.0 = Debug|Any CPU
		{B2DCCBB8-A711-41D9-9CBB-31BE105FD66E}.Debug|Any CPU.Deploy.0 = Debug|Any CPU
		{B2DCCBB8-A711-41D9-9CBB-31BE105FD66E}.Debug|ARM.ActiveCfg = Debug|Any CPU
		{B2DCCBB8-A711-41D9-9CBB-31BE105FD66E}.Debug|ARM.Build.0 = Debug|Any CPU
		{B2DCCBB8-A711-41D9-9CBB-31BE105FD66E}.Debug|ARM.Deploy.0 = Debug|Any CPU
		{B2DCCBB8-A711-41D9-9CBB-31BE105FD66E}.Debug|iPhone.ActiveCfg = Debug|Any CPU
		{B2DCCBB8-A711-41D9-9CBB-31BE105FD66E}.Debug|iPhone.Build.0 = Debug|Any CPU
		{B2DCCBB8-A711-41D9-9CBB-31BE105FD66E}.Debug|iPhone.Deploy.0 = Debug|Any CPU
		{B2DCCBB8-A711-41D9-9CBB-31BE105FD66E}.Debug|iPhoneSimulator.ActiveCfg = Debug|Any CPU
		{B2DCCBB8-A711-41D9-9CBB-31BE105FD66E}.Debug|iPhoneSimulator.Build.0 = Debug|Any CPU
		{B2DCCBB8-A711-41D9-9CBB-31BE105FD66E}.Debug|iPhoneSimulator.Deploy.0 = Debug|Any CPU
		{B2DCCBB8-A711-41D9-9CBB-31BE105FD66E}.Debug|x86.ActiveCfg = Debug|Any CPU
		{B2DCCBB8-A711-41D9-9CBB-31BE105FD66E}.Debug|x86.Build.0 = Debug|Any CPU
		{B2DCCBB8-A711-41D9-9CBB-31BE105FD66E}.Debug|x86.Deploy.0 = Debug|Any CPU
		{B2DCCBB8-A711-41D9-9CBB-31BE105FD66E}.Release|Any CPU.ActiveCfg = Release|Any CPU
		{B2DCCBB8-A711-41D9-9CBB-31BE105FD66E}.Release|Any CPU.Build.0 = Release|Any CPU
		{B2DCCBB8-A711-41D9-9CBB-31BE105FD66E}.Release|Any CPU.Deploy.0 = Release|Any CPU
		{B2DCCBB8-A711-41D9-9CBB-31BE105FD66E}.Release|ARM.ActiveCfg = Release|Any CPU
		{B2DCCBB8-A711-41D9-9CBB-31BE105FD66E}.Release|ARM.Build.0 = Release|Any CPU
		{B2DCCBB8-A711-41D9-9CBB-31BE105FD66E}.Release|ARM.Deploy.0 = Release|Any CPU
		{B2DCCBB8-A711-41D9-9CBB-31BE105FD66E}.Release|iPhone.ActiveCfg = Release|Any CPU
		{B2DCCBB8-A711-41D9-9CBB-31BE105FD66E}.Release|iPhone.Build.0 = Release|Any CPU
		{B2DCCBB8-A711-41D9-9CBB-31BE105FD66E}.Release|iPhone.Deploy.0 = Release|Any CPU
		{B2DCCBB8-A711-41D9-9CBB-31BE105FD66E}.Release|iPhoneSimulator.ActiveCfg = Release|Any CPU
		{B2DCCBB8-A711-41D9-9CBB-31BE105FD66E}.Release|iPhoneSimulator.Build.0 = Release|Any CPU
		{B2DCCBB8-A711-41D9-9CBB-31BE105FD66E}.Release|iPhoneSimulator.Deploy.0 = Release|Any CPU
		{B2DCCBB8-A711-41D9-9CBB-31BE105FD66E}.Release|x86.ActiveCfg = Release|Any CPU
		{B2DCCBB8-A711-41D9-9CBB-31BE105FD66E}.Release|x86.Build.0 = Release|Any CPU
		{B2DCCBB8-A711-41D9-9CBB-31BE105FD66E}.Release|x86.Deploy.0 = Release|Any CPU
		{833F9F9C-6795-4858-8120-9F475B9B1019}.Debug|Any CPU.ActiveCfg = Debug|Any CPU
		{833F9F9C-6795-4858-8120-9F475B9B1019}.Debug|Any CPU.Build.0 = Debug|Any CPU
		{833F9F9C-6795-4858-8120-9F475B9B1019}.Debug|ARM.ActiveCfg = Debug|Any CPU
		{833F9F9C-6795-4858-8120-9F475B9B1019}.Debug|ARM.Build.0 = Debug|Any CPU
		{833F9F9C-6795-4858-8120-9F475B9B1019}.Debug|iPhone.ActiveCfg = Debug|Any CPU
		{833F9F9C-6795-4858-8120-9F475B9B1019}.Debug|iPhone.Build.0 = Debug|Any CPU
		{833F9F9C-6795-4858-8120-9F475B9B1019}.Debug|iPhoneSimulator.ActiveCfg = Debug|Any CPU
		{833F9F9C-6795-4858-8120-9F475B9B1019}.Debug|iPhoneSimulator.Build.0 = Debug|Any CPU
		{833F9F9C-6795-4858-8120-9F475B9B1019}.Debug|x86.ActiveCfg = Debug|Any CPU
		{833F9F9C-6795-4858-8120-9F475B9B1019}.Debug|x86.Build.0 = Debug|Any CPU
		{833F9F9C-6795-4858-8120-9F475B9B1019}.Release|Any CPU.ActiveCfg = Release|Any CPU
		{833F9F9C-6795-4858-8120-9F475B9B1019}.Release|Any CPU.Build.0 = Release|Any CPU
		{833F9F9C-6795-4858-8120-9F475B9B1019}.Release|ARM.ActiveCfg = Release|Any CPU
		{833F9F9C-6795-4858-8120-9F475B9B1019}.Release|ARM.Build.0 = Release|Any CPU
		{833F9F9C-6795-4858-8120-9F475B9B1019}.Release|iPhone.ActiveCfg = Release|Any CPU
		{833F9F9C-6795-4858-8120-9F475B9B1019}.Release|iPhone.Build.0 = Release|Any CPU
		{833F9F9C-6795-4858-8120-9F475B9B1019}.Release|iPhoneSimulator.ActiveCfg = Release|Any CPU
		{833F9F9C-6795-4858-8120-9F475B9B1019}.Release|iPhoneSimulator.Build.0 = Release|Any CPU
		{833F9F9C-6795-4858-8120-9F475B9B1019}.Release|x86.ActiveCfg = Release|Any CPU
		{833F9F9C-6795-4858-8120-9F475B9B1019}.Release|x86.Build.0 = Release|Any CPU
	EndGlobalSection
	GlobalSection(SolutionProperties) = preSolution
		HideSolutionNode = FALSE
	EndGlobalSection
EndGlobal
